# THIS IS AN AUTOGENERATED FILE. DO NOT EDIT THIS FILE DIRECTLY.
# yarn lockfile v1


esm@^3.2.0:
  version "3.2.0"
  resolved "https://registry.yarnpkg.com/esm/-/esm-3.2.0.tgz#089011156cf817ccdae38c877cbe03301df04136"
  integrity sha512-yK4IiHmmInOk9q4xbJXdUfPV0ju7GbRCbhtpe5/gH7nRiD6RAb12Ix7zfsqQkDL5WERwzFlq/eT6zTXDWwIk+w==
